// !$*UTF8*$!
{
	archiveVersion = 1;
	classes = {
	};
	objectVersion = 50;
	objects = {

/* Begin PBXBuildFile section */
		1A948A3025DA0444002A0366 /* AppDelegate.swift in Sources */ = {isa = PBXBuildFile; fileRef = 1A948A2F25DA0444002A0366 /* AppDelegate.swift */; };
		1A948A3225DA0444002A0366 /* ContentView.swift in Sources */ = {isa = PBXBuildFile; fileRef = 1A948A3125DA0444002A0366 /* ContentView.swift */; };
		1A948A3425DA0446002A0366 /* Assets.xcassets in Resources */ = {isa = PBXBuildFile; fileRef = 1A948A3325DA0446002A0366 /* Assets.xcassets */; };
		1A948A3725DA0446002A0366 /* Preview Assets.xcassets in Resources */ = {isa = PBXBuildFile; fileRef = 1A948A3625DA0446002A0366 /* Preview Assets.xcassets */; };
		1A948A3A25DA0446002A0366 /* Main.storyboard in Resources */ = {isa = PBXBuildFile; fileRef = 1A948A3825DA0446002A0366 /* Main.storyboard */; };
		1A948A4625DA0446002A0366 /* NakiriTests.swift in Sources */ = {isa = PBXBuildFile; fileRef = 1A948A4525DA0446002A0366 /* NakiriTests.swift */; };
		1A948A5125DA0446002A0366 /* NakiriUITests.swift in Sources */ = {isa = PBXBuildFile; fileRef = 1A948A5025DA0446002A0366 /* NakiriUITests.swift */; };
		1A948A6225DA04F8002A0366 /* LaunchAgent.swift in Sources */ = {isa = PBXBuildFile; fileRef = 1A948A6125DA04F8002A0366 /* LaunchAgent.swift */; };
		1A948A6725DA0517002A0366 /* PasteboardWatcher.swift in Sources */ = {isa = PBXBuildFile; fileRef = 1A948A6625DA0517002A0366 /* PasteboardWatcher.swift */; };
		1A948A6C25DA053B002A0366 /* UrlClipperUtils.swift in Sources */ = {isa = PBXBuildFile; fileRef = 1A948A6B25DA053B002A0366 /* UrlClipperUtils.swift */; };
/* End PBXBuildFile section */

/* Begin PBXContainerItemProxy section */
		1A948A4225DA0446002A0366 /* PBXContainerItemProxy */ = {
			isa = PBXContainerItemProxy;
			containerPortal = 1A948A2425DA0444002A0366 /* Project object */;
			proxyType = 1;
			remoteGlobalIDString = 1A948A2B25DA0444002A0366;
			remoteInfo = Nakiri;
		};
		1A948A4D25DA0446002A0366 /* PBXContainerItemProxy */ = {
			isa = PBXContainerItemProxy;
			containerPortal = 1A948A2425DA0444002A0366 /* Project object */;
			proxyType = 1;
			remoteGlobalIDString = 1A948A2B25DA0444002A0366;
			remoteInfo = Nakiri;
		};
/* End PBXContainerItemProxy section */

/* Begin PBXFileReference section */
		1A948A2C25DA0444002A0366 /* Nakiri.app */ = {isa = PBXFileReference; explicitFileType = wrapper.application; includeInIndex = 0; path = Nakiri.app; sourceTree = BUILT_PRODUCTS_DIR; };
		1A948A2F25DA0444002A0366 /* AppDelegate.swift */ = {isa = PBXFileReference; lastKnownFileType = sourcecode.swift; path = AppDelegate.swift; sourceTree = "<group>"; };
		1A948A3125DA0444002A0366 /* ContentView.swift */ = {isa = PBXFileReference; lastKnownFileType = sourcecode.swift; path = ContentView.swift; sourceTree = "<group>"; };
		1A948A3325DA0446002A0366 /* Assets.xcassets */ = {isa = PBXFileReference; lastKnownFileType = folder.assetcatalog; path = Assets.xcassets; sourceTree = "<group>"; };
		1A948A3625DA0446002A0366 /* Preview Assets.xcassets */ = {isa = PBXFileReference; lastKnownFileType = folder.assetcatalog; path = "Preview Assets.xcassets"; sourceTree = "<group>"; };
		1A948A3925DA0446002A0366 /* Base */ = {isa = PBXFileReference; lastKnownFileType = file.storyboard; name = Base; path = Base.lproj/Main.storyboard; sourceTree = "<group>"; };
		1A948A3B25DA0446002A0366 /* Info.plist */ = {isa = PBXFileReference; lastKnownFileType = text.plist.xml; path = Info.plist; sourceTree = "<group>"; };
		1A948A3C25DA0446002A0366 /* Nakiri.entitlements */ = {isa = PBXFileReference; lastKnownFileType = text.plist.entitlements; path = Nakiri.entitlements; sourceTree = "<group>"; };
		1A948A4125DA0446002A0366 /* NakiriTests.xctest */ = {isa = PBXFileReference; explicitFileType = wrapper.cfbundle; includeInIndex = 0; path = NakiriTests.xctest; sourceTree = BUILT_PRODUCTS_DIR; };
		1A948A4525DA0446002A0366 /* NakiriTests.swift */ = {isa = PBXFileReference; lastKnownFileType = sourcecode.swift; path = NakiriTests.swift; sourceTree = "<group>"; };
		1A948A4725DA0446002A0366 /* Info.plist */ = {isa = PBXFileReference; lastKnownFileType = text.plist.xml; path = Info.plist; sourceTree = "<group>"; };
		1A948A4C25DA0446002A0366 /* NakiriUITests.xctest */ = {isa = PBXFileReference; explicitFileType = wrapper.cfbundle; includeInIndex = 0; path = NakiriUITests.xctest; sourceTree = BUILT_PRODUCTS_DIR; };
		1A948A5025DA0446002A0366 /* NakiriUITests.swift */ = {isa = PBXFileReference; lastKnownFileType = sourcecode.swift; path = NakiriUITests.swift; sourceTree = "<group>"; };
		1A948A5225DA0446002A0366 /* Info.plist */ = {isa = PBXFileReference; lastKnownFileType = text.plist.xml; path = Info.plist; sourceTree = "<group>"; };
		1A948A6125DA04F8002A0366 /* LaunchAgent.swift */ = {isa = PBXFileReference; lastKnownFileType = sourcecode.swift; path = LaunchAgent.swift; sourceTree = "<group>"; };
		1A948A6625DA0517002A0366 /* PasteboardWatcher.swift */ = {isa = PBXFileReference; lastKnownFileType = sourcecode.swift; path = PasteboardWatcher.swift; sourceTree = "<group>"; };
		1A948A6B25DA053B002A0366 /* UrlClipperUtils.swift */ = {isa = PBXFileReference; lastKnownFileType = sourcecode.swift; path = UrlClipperUtils.swift; sourceTree = "<group>"; };
		1A948A8425DA1891002A0366 /* libswiftOSLog.tbd */ = {isa = PBXFileReference; lastKnownFileType = "sourcecode.text-based-dylib-definition"; name = libswiftOSLog.tbd; path = usr/lib/swift/libswiftOSLog.tbd; sourceTree = SDKROOT; };
/* End PBXFileReference section */

/* Begin PBXFrameworksBuildPhase section */
		1A948A2925DA0444002A0366 /* Frameworks */ = {
			isa = PBXFrameworksBuildPhase;
			buildActionMask = 2147483647;
			files = (
			);
			runOnlyForDeploymentPostprocessing = 0;
		};
		1A948A3E25DA0446002A0366 /* Frameworks */ = {
			isa = PBXFrameworksBuildPhase;
			buildActionMask = 2147483647;
			files = (
			);
			runOnlyForDeploymentPostprocessing = 0;
		};
		1A948A4925DA0446002A0366 /* Frameworks */ = {
			isa = PBXFrameworksBuildPhase;
			buildActionMask = 2147483647;
			files = (
			);
			runOnlyForDeploymentPostprocessing = 0;
		};
/* End PBXFrameworksBuildPhase section */

/* Begin PBXGroup section */
		1A948A2325DA0444002A0366 = {
			isa = PBXGroup;
			children = (
				1A948A2E25DA0444002A0366 /* Nakiri */,
				1A948A4425DA0446002A0366 /* NakiriTests */,
				1A948A4F25DA0446002A0366 /* NakiriUITests */,
				1A948A2D25DA0444002A0366 /* Products */,
				1A948A8325DA1891002A0366 /* Frameworks */,
			);
			sourceTree = "<group>";
		};
		1A948A2D25DA0444002A0366 /* Products */ = {
			isa = PBXGroup;
			children = (
				1A948A2C25DA0444002A0366 /* Nakiri.app */,
				1A948A4125DA0446002A0366 /* NakiriTests.xctest */,
				1A948A4C25DA0446002A0366 /* NakiriUITests.xctest */,
			);
			name = Products;
			sourceTree = "<group>";
		};
		1A948A2E25DA0444002A0366 /* Nakiri */ = {
			isa = PBXGroup;
			children = (
				1A948A2F25DA0444002A0366 /* AppDelegate.swift */,
				1A948A3125DA0444002A0366 /* ContentView.swift */,
				1A948A3325DA0446002A0366 /* Assets.xcassets */,
				1A948A3825DA0446002A0366 /* Main.storyboard */,
				1A948A3B25DA0446002A0366 /* Info.plist */,
				1A948A3C25DA0446002A0366 /* Nakiri.entitlements */,
				1A948A3525DA0446002A0366 /* Preview Content */,
				1A948A6125DA04F8002A0366 /* LaunchAgent.swift */,
				1A948A6625DA0517002A0366 /* PasteboardWatcher.swift */,
				1A948A6B25DA053B002A0366 /* UrlClipperUtils.swift */,
			);
			path = Nakiri;
			sourceTree = "<group>";
		};
		1A948A3525DA0446002A0366 /* Preview Content */ = {
			isa = PBXGroup;
			children = (
				1A948A3625DA0446002A0366 /* Preview Assets.xcassets */,
			);
			path = "Preview Content";
			sourceTree = "<group>";
		};
		1A948A4425DA0446002A0366 /* NakiriTests */ = {
			isa = PBXGroup;
			children = (
				1A948A4525DA0446002A0366 /* NakiriTests.swift */,
				1A948A4725DA0446002A0366 /* Info.plist */,
			);
			path = NakiriTests;
			sourceTree = "<group>";
		};
		1A948A4F25DA0446002A0366 /* NakiriUITests */ = {
			isa = PBXGroup;
			children = (
				1A948A5025DA0446002A0366 /* NakiriUITests.swift */,
				1A948A5225DA0446002A0366 /* Info.plist */,
			);
			path = NakiriUITests;
			sourceTree = "<group>";
		};
		1A948A8325DA1891002A0366 /* Frameworks */ = {
			isa = PBXGroup;
			children = (
				1A948A8425DA1891002A0366 /* libswiftOSLog.tbd */,
			);
			name = Frameworks;
			sourceTree = "<group>";
		};
/* End PBXGroup section */

/* Begin PBXNativeTarget section */
		1A948A2B25DA0444002A0366 /* Nakiri */ = {
			isa = PBXNativeTarget;
			buildConfigurationList = 1A948A5525DA0446002A0366 /* Build configuration list for PBXNativeTarget "Nakiri" */;
			buildPhases = (
				1A948A2825DA0444002A0366 /* Sources */,
				1A948A2925DA0444002A0366 /* Frameworks */,
				1A948A2A25DA0444002A0366 /* Resources */,
			);
			buildRules = (
			);
			dependencies = (
			);
			name = Nakiri;
			productName = Nakiri;
			productReference = 1A948A2C25DA0444002A0366 /* Nakiri.app */;
			productType = "com.apple.product-type.application";
		};
		1A948A4025DA0446002A0366 /* NakiriTests */ = {
			isa = PBXNativeTarget;
			buildConfigurationList = 1A948A5825DA0446002A0366 /* Build configuration list for PBXNativeTarget "NakiriTests" */;
			buildPhases = (
				1A948A3D25DA0446002A0366 /* Sources */,
				1A948A3E25DA0446002A0366 /* Frameworks */,
				1A948A3F25DA0446002A0366 /* Resources */,
			);
			buildRules = (
			);
			dependencies = (
				1A948A4325DA0446002A0366 /* PBXTargetDependency */,
			);
			name = NakiriTests;
			productName = NakiriTests;
			productReference = 1A948A4125DA0446002A0366 /* NakiriTests.xctest */;
			productType = "com.apple.product-type.bundle.unit-test";
		};
		1A948A4B25DA0446002A0366 /* NakiriUITests */ = {
			isa = PBXNativeTarget;
			buildConfigurationList = 1A948A5B25DA0446002A0366 /* Build configuration list for PBXNativeTarget "NakiriUITests" */;
			buildPhases = (
				1A948A4825DA0446002A0366 /* Sources */,
				1A948A4925DA0446002A0366 /* Frameworks */,
				1A948A4A25DA0446002A0366 /* Resources */,
			);
			buildRules = (
			);
			dependencies = (
				1A948A4E25DA0446002A0366 /* PBXTargetDependency */,
			);
			name = NakiriUITests;
			productName = NakiriUITests;
			productReference = 1A948A4C25DA0446002A0366 /* NakiriUITests.xctest */;
			productType = "com.apple.product-type.bundle.ui-testing";
		};
/* End PBXNativeTarget section */

/* Begin PBXProject section */
		1A948A2425DA0444002A0366 /* Project object */ = {
			isa = PBXProject;
			attributes = {
				LastSwiftUpdateCheck = 1240;
				LastUpgradeCheck = 1240;
				TargetAttributes = {
					1A948A2B25DA0444002A0366 = {
						CreatedOnToolsVersion = 12.4;
					};
					1A948A4025DA0446002A0366 = {
						CreatedOnToolsVersion = 12.4;
						TestTargetID = 1A948A2B25DA0444002A0366;
					};
					1A948A4B25DA0446002A0366 = {
						CreatedOnToolsVersion = 12.4;
						TestTargetID = 1A948A2B25DA0444002A0366;
					};
				};
			};
			buildConfigurationList = 1A948A2725DA0444002A0366 /* Build configuration list for PBXProject "Nakiri" */;
			compatibilityVersion = "Xcode 9.3";
			developmentRegion = en;
			hasScannedForEncodings = 0;
			knownRegions = (
				en,
				Base,
			);
			mainGroup = 1A948A2325DA0444002A0366;
			productRefGroup = 1A948A2D25DA0444002A0366 /* Products */;
			projectDirPath = "";
			projectRoot = "";
			targets = (
				1A948A2B25DA0444002A0366 /* Nakiri */,
				1A948A4025DA0446002A0366 /* NakiriTests */,
				1A948A4B25DA0446002A0366 /* NakiriUITests */,
			);
		};
/* End PBXProject section */

/* Begin PBXResourcesBuildPhase section */
		1A948A2A25DA0444002A0366 /* Resources */ = {
			isa = PBXResourcesBuildPhase;
			buildActionMask = 2147483647;
			files = (
				1A948A3A25DA0446002A0366 /* Main.storyboard in Resources */,
				1A948A3725DA0446002A0366 /* Preview Assets.xcassets in Resources */,
				1A948A3425DA0446002A0366 /* Assets.xcassets in Resources */,
			);
			runOnlyForDeploymentPostprocessing = 0;
		};
		1A948A3F25DA0446002A0366 /* Resources */ = {
			isa = PBXResourcesBuildPhase;
			buildActionMask = 2147483647;
			files = (
			);
			runOnlyForDeploymentPostprocessing = 0;
		};
		1A948A4A25DA0446002A0366 /* Resources */ = {
			isa = PBXResourcesBuildPhase;
			buildActionMask = 2147483647;
			files = (
			);
			runOnlyForDeploymentPostprocessing = 0;
		};
/* End PBXResourcesBuildPhase section */

/* Begin PBXSourcesBuildPhase section */
		1A948A2825DA0444002A0366 /* Sources */ = {
			isa = PBXSourcesBuildPhase;
			buildActionMask = 2147483647;
			files = (
				1A948A3225DA0444002A0366 /* ContentView.swift in Sources */,
				1A948A6725DA0517002A0366 /* PasteboardWatcher.swift in Sources */,
				1A948A6225DA04F8002A0366 /* LaunchAgent.swift in Sources */,
				1A948A3025DA0444002A0366 /* AppDelegate.swift in Sources */,
				1A948A6C25DA053B002A0366 /* UrlClipperUtils.swift in Sources */,
			);
			runOnlyForDeploymentPostprocessing = 0;
		};
		1A948A3D25DA0446002A0366 /* Sources */ = {
			isa = PBXSourcesBuildPhase;
			buildActionMask = 2147483647;
			files = (
				1A948A4625DA0446002A0366 /* NakiriTests.swift in Sources */,
			);
			runOnlyForDeploymentPostprocessing = 0;
		};
		1A948A4825DA0446002A0366 /* Sources */ = {
			isa = PBXSourcesBuildPhase;
			buildActionMask = 2147483647;
			files = (
				1A948A5125DA0446002A0366 /* NakiriUITests.swift in Sources */,
			);
			runOnlyForDeploymentPostprocessing = 0;
		};
/* End PBXSourcesBuildPhase section */

/* Begin PBXTargetDependency section */
		1A948A4325DA0446002A0366 /* PBXTargetDependency */ = {
			isa = PBXTargetDependency;
			target = 1A948A2B25DA0444002A0366 /* Nakiri */;
			targetProxy = 1A948A4225DA0446002A0366 /* PBXContainerItemProxy */;
		};
		1A948A4E25DA0446002A0366 /* PBXTargetDependency */ = {
			isa = PBXTargetDependency;
			target = 1A948A2B25DA0444002A0366 /* Nakiri */;
			targetProxy = 1A948A4D25DA0446002A0366 /* PBXContainerItemProxy */;
		};
/* End PBXTargetDependency section */

/* Begin PBXVariantGroup section */
		1A948A3825DA0446002A0366 /* Main.storyboard */ = {
			isa = PBXVariantGroup;
			children = (
				1A948A3925DA0446002A0366 /* Base */,
			);
			name = Main.storyboard;
			sourceTree = "<group>";
		};
/* End PBXVariantGroup section */

/* Begin XCBuildConfiguration section */
		1A948A5325DA0446002A0366 /* Debug */ = {
			isa = XCBuildConfiguration;
			buildSettings = {
				ALWAYS_SEARCH_USER_PATHS = NO;
				CLANG_ANALYZER_NONNULL = YES;
				CLANG_ANALYZER_NUMBER_OBJECT_CONVERSION = YES_AGGRESSIVE;
				CLANG_CXX_LANGUAGE_STANDARD = "gnu++14";
				CLANG_CXX_LIBRARY = "libc++";
				CLANG_ENABLE_MODULES = YES;
				CLANG_ENABLE_OBJC_ARC = YES;
				CLANG_ENABLE_OBJC_WEAK = YES;
				CLANG_WARN_BLOCK_CAPTURE_AUTORELEASING = YES;
				CLANG_WARN_BOOL_CONVERSION = YES;
				CLANG_WARN_COMMA = YES;
				CLANG_WARN_CONSTANT_CONVERSION = YES;
				CLANG_WARN_DEPRECATED_OBJC_IMPLEMENTATIONS = YES;
				CLANG_WARN_DIRECT_OBJC_ISA_USAGE = YES_ERROR;
				CLANG_WARN_DOCUMENTATION_COMMENTS = YES;
				CLANG_WARN_EMPTY_BODY = YES;
				CLANG_WARN_ENUM_CONVERSION = YES;
				CLANG_WARN_INFINITE_RECURSION = YES;
				CLANG_WARN_INT_CONVERSION = YES;
				CLANG_WARN_NON_LITERAL_NULL_CONVERSION = YES;
				CLANG_WARN_OBJC_IMPLICIT_RETAIN_SELF = YES;
				CLANG_WARN_OBJC_LITERAL_CONVERSION = YES;
				CLANG_WARN_OBJC_ROOT_CLASS = YES_ERROR;
				CLANG_WARN_QUOTED_INCLUDE_IN_FRAMEWORK_HEADER = YES;
				CLANG_WARN_RANGE_LOOP_ANALYSIS = YES;
				CLANG_WARN_STRICT_PROTOTYPES = YES;
				CLANG_WARN_SUSPICIOUS_MOVE = YES;
				CLANG_WARN_UNGUARDED_AVAILABILITY = YES_AGGRESSIVE;
				CLANG_WARN_UNREACHABLE_CODE = YES;
				CLANG_WARN__DUPLICATE_METHOD_MATCH = YES;
				COPY_PHASE_STRIP = NO;
				DEBUG_INFORMATION_FORMAT = dwarf;
				ENABLE_STRICT_OBJC_MSGSEND = YES;
				ENABLE_TESTABILITY = YES;
				GCC_C_LANGUAGE_STANDARD = gnu11;
				GCC_DYNAMIC_NO_PIC = NO;
				GCC_NO_COMMON_BLOCKS = YES;
				GCC_OPTIMIZATION_LEVEL = 0;
				GCC_PREPROCESSOR_DEFINITIONS = (
					"DEBUG=1",
					"$(inherited)",
				);
				GCC_WARN_64_TO_32_BIT_CONVERSION = YES;
				GCC_WARN_ABOUT_RETURN_TYPE = YES_ERROR;
				GCC_WARN_UNDECLARED_SELECTOR = YES;
				GCC_WARN_UNINITIALIZED_AUTOS = YES_AGGRESSIVE;
				GCC_WARN_UNUSED_FUNCTION = YES;
				GCC_WARN_UNUSED_VARIABLE = YES;
				MACOSX_DEPLOYMENT_TARGET = 10.15;
				MTL_ENABLE_DEBUG_INFO = INCLUDE_SOURCE;
				MTL_FAST_MATH = YES;
				ONLY_ACTIVE_ARCH = YES;
				SDKROOT = macosx;
				SWIFT_ACTIVE_COMPILATION_CONDITIONS = DEBUG;
				SWIFT_OPTIMIZATION_LEVEL = "-Onone";
			};
			name = Debug;
		};
		1A948A5425DA0446002A0366 /* Release */ = {
			isa = XCBuildConfiguration;
			buildSettings = {
				ALWAYS_SEARCH_USER_PATHS = NO;
				CLANG_ANALYZER_NONNULL = YES;
				CLANG_ANALYZER_NUMBER_OBJECT_CONVERSION = YES_AGGRESSIVE;
				CLANG_CXX_LANGUAGE_STANDARD = "gnu++14";
				CLANG_CXX_LIBRARY = "libc++";
				CLANG_ENABLE_MODULES = YES;
				CLANG_ENABLE_OBJC_ARC = YES;
				CLANG_ENABLE_OBJC_WEAK = YES;
				CLANG_WARN_BLOCK_CAPTURE_AUTORELEASING = YES;
				CLANG_WARN_BOOL_CONVERSION = YES;
				CLANG_WARN_COMMA = YES;
				CLANG_WARN_CONSTANT_CONVERSION = YES;
				CLANG_WARN_DEPRECATED_OBJC_IMPLEMENTATIONS = YES;
				CLANG_WARN_DIRECT_OBJC_ISA_USAGE = YES_ERROR;
				CLANG_WARN_DOCUMENTATION_COMMENTS = YES;
				CLANG_WARN_EMPTY_BODY = YES;
				CLANG_WARN_ENUM_CONVERSION = YES;
				CLANG_WARN_INFINITE_RECURSION = YES;
				CLANG_WARN_INT_CONVERSION = YES;
				CLANG_WARN_NON_LITERAL_NULL_CONVERSION = YES;
				CLANG_WARN_OBJC_IMPLICIT_RETAIN_SELF = YES;
				CLANG_WARN_OBJC_LITERAL_CONVERSION = YES;
				CLANG_WARN_OBJC_ROOT_CLASS = YES_ERROR;
				CLANG_WARN_QUOTED_INCLUDE_IN_FRAMEWORK_HEADER = YES;
				CLANG_WARN_RANGE_LOOP_ANALYSIS = YES;
				CLANG_WARN_STRICT_PROTOTYPES = YES;
				CLANG_WARN_SUSPICIOUS_MOVE = YES;
				CLANG_WARN_UNGUARDED_AVAILABILITY = YES_AGGRESSIVE;
				CLANG_WARN_UNREACHABLE_CODE = YES;
				CLANG_WARN__DUPLICATE_METHOD_MATCH = YES;
				COPY_PHASE_STRIP = NO;
				DEBUG_INFORMATION_FORMAT = "dwarf-with-dsym";
				ENABLE_NS_ASSERTIONS = NO;
				ENABLE_STRICT_OBJC_MSGSEND = YES;
				GCC_C_LANGUAGE_STANDARD = gnu11;
				GCC_NO_COMMON_BLOCKS = YES;
				GCC_WARN_64_TO_32_BIT_CONVERSION = YES;
				GCC_WARN_ABOUT_RETURN_TYPE = YES_ERROR;
				GCC_WARN_UNDECLARED_SELECTOR = YES;
				GCC_WARN_UNINITIALIZED_AUTOS = YES_AGGRESSIVE;
				GCC_WARN_UNUSED_FUNCTION = YES;
				GCC_WARN_UNUSED_VARIABLE = YES;
				MACOSX_DEPLOYMENT_TARGET = 10.15;
				MTL_ENABLE_DEBUG_INFO = NO;
				MTL_FAST_MATH = YES;
				SDKROOT = macosx;
				SWIFT_COMPILATION_MODE = wholemodule;
				SWIFT_OPTIMIZATION_LEVEL = "-O";
			};
			name = Release;
		};
		1A948A5625DA0446002A0366 /* Debug */ = {
			isa = XCBuildConfiguration;
			buildSettings = {
				ASSETCATALOG_COMPILER_APPICON_NAME = AppIcon;
				ASSETCATALOG_COMPILER_GLOBAL_ACCENT_COLOR_NAME = AccentColor;
				CODE_SIGN_ENTITLEMENTS = Nakiri/Nakiri.entitlements;
				CODE_SIGN_STYLE = Automatic;
				COMBINE_HIDPI_IMAGES = YES;
				DEVELOPMENT_ASSET_PATHS = "\"Nakiri/Preview Content\"";
				ENABLE_PREVIEWS = YES;
				INFOPLIST_FILE = Nakiri/Info.plist;
				LD_RUNPATH_SEARCH_PATHS = (
					"$(inherited)",
					"@executable_path/../Frameworks",
				);
				MACOSX_DEPLOYMENT_TARGET = 10.15;
				PRODUCT_BUNDLE_IDENTIFIER = com.nakiri.Nakiri;
				PRODUCT_NAME = "$(TARGET_NAME)";
				SWIFT_VERSION = 5.0;
			};
			name = Debug;
		};
		1A948A5725DA0446002A0366 /* Release */ = {
			isa = XCBuildConfiguration;
			buildSettings = {
				ASSETCATALOG_COMPILER_APPICON_NAME = AppIcon;
				ASSETCATALOG_COMPILER_GLOBAL_ACCENT_COLOR_NAME = AccentColor;
				CODE_SIGN_ENTITLEMENTS = Nakiri/Nakiri.entitlements;
				CODE_SIGN_STYLE = Automatic;
				COMBINE_HIDPI_IMAGES = YES;
				DEVELOPMENT_ASSET_PATHS = "\"Nakiri/Preview Content\"";
				ENABLE_PREVIEWS = YES;
				INFOPLIST_FILE = Nakiri/Info.plist;
				LD_RUNPATH_SEARCH_PATHS = (
					"$(inherited)",
					"@executable_path/../Frameworks",
				);
				MACOSX_DEPLOYMENT_TARGET = 10.15;
				PRODUCT_BUNDLE_IDENTIFIER = com.nakiri.Nakiri;
				PRODUCT_NAME = "$(TARGET_NAME)";
				SWIFT_VERSION = 5.0;
			};
			name = Release;
		};
		1A948A5925DA0446002A0366 /* Debug */ = {
			isa = XCBuildConfiguration;
			buildSettings = {
				ALWAYS_EMBED_SWIFT_STANDARD_LIBRARIES = YES;
				BUNDLE_LOADER = "$(TEST_HOST)";
				CODE_SIGN_STYLE = Automatic;
				COMBINE_HIDPI_IMAGES = YES;
				INFOPLIST_FILE = NakiriTests/Info.plist;
				LD_RUNPATH_SEARCH_PATHS = (
					"$(inherited)",
					"@executable_path/../Frameworks",
					"@loader_path/../Frameworks",
				);
				MACOSX_DEPLOYMENT_TARGET = 10.15;
				PRODUCT_BUNDLE_IDENTIFIER = com.nakiri.NakiriTests;
				PRODUCT_NAME = "$(TARGET_NAME)";
				SWIFT_VERSION = 5.0;
				TEST_HOST = "$(BUILT_PRODUCTS_DIR)/Nakiri.app/Contents/MacOS/Nakiri";
			};
			name = Debug;
		};
		1A948A5A25DA0446002A0366 /* Release */ = {
			isa = XCBuildConfiguration;
			buildSettings = {
				ALWAYS_EMBED_SWIFT_STANDARD_LIBRARIES = YES;
				BUNDLE_LOADER = "$(TEST_HOST)";
				CODE_SIGN_STYLE = Automatic;
				COMBINE_HIDPI_IMAGES = YES;
				INFOPLIST_FILE = NakiriTests/Info.plist;
				LD_RUNPATH_SEARCH_PATHS = (
					"$(inherited)",
					"@executable_path/../Frameworks",
					"@loader_path/../Frameworks",
				);
				MACOSX_DEPLOYMENT_TARGET = 10.15;
				PRODUCT_BUNDLE_IDENTIFIER = com.nakiri.NakiriTests;
				PRODUCT_NAME = "$(TARGET_NAME)";
				SWIFT_VERSION = 5.0;
				TEST_HOST = "$(BUILT_PRODUCTS_DIR)/Nakiri.app/Contents/MacOS/Nakiri";
			};
			name = Release;
		};
		1A948A5C25DA0446002A0366 /* Debug */ = {
			isa = XCBuildConfiguration;
			buildSettings = {
				ALWAYS_EMBED_SWIFT_STANDARD_LIBRARIES = YES;
				CODE_SIGN_STYLE = Automatic;
				COMBINE_HIDPI_IMAGES = YES;
				INFOPLIST_FILE = NakiriUITests/Info.plist;
				LD_RUNPATH_SEARCH_PATHS = (
					"$(inherited)",
					"@executable_path/../Frameworks",
					"@loader_path/../Frameworks",
				);
				PRODUCT_BUNDLE_IDENTIFIER = com.nakiri.NakiriUITests;
				PRODUCT_NAME = "$(TARGET_NAME)";
				SWIFT_VERSION = 5.0;
				TEST_TARGET_NAME = Nakiri;
			};
			name = Debug;
		};
		1A948A5D25DA0446002A0366 /* Release */ = {
			isa = XCBuildConfiguration;
			buildSettings = {
				ALWAYS_EMBED_SWIFT_STANDARD_LIBRARIES = YES;
				CODE_SIGN_STYLE = Automatic;
				COMBINE_HIDPI_IMAGES = YES;
				INFOPLIST_FILE = NakiriUITests/Info.plist;
				LD_RUNPATH_SEARCH_PATHS = (
					"$(inherited)",
					"@executable_path/../Frameworks",
					"@loader_path/../Frameworks",
				);
				PRODUCT_BUNDLE_IDENTIFIER = com.nakiri.NakiriUITests;
				PRODUCT_NAME = "$(TARGET_NAME)";
				SWIFT_VERSION = 5.0;
				TEST_TARGET_NAME = Nakiri;
			};
			name = Release;
		};
/* End XCBuildConfiguration section */

/* Begin XCConfigurationList section */
		1A948A2725DA0444002A0366 /* Build configuration list for PBXProject "Nakiri" */ = {
			isa = XCConfigurationList;
			buildConfigurations = (
				1A948A5325DA0446002A0366 /* Debug */,
				1A948A5425DA0446002A0366 /* Release */,
			);
			defaultConfigurationIsVisible = 0;
			defaultConfigurationName = Release;
		};
		1A948A5525DA0446002A0366 /* Build configuration list for PBXNativeTarget "Nakiri" */ = {
			isa = XCConfigurationList;
			buildConfigurations = (
				1A948A5625DA0446002A0366 /* Debug */,
				1A948A5725DA0446002A0366 /* Release */,
			);
			defaultConfigurationIsVisible = 0;
			defaultConfigurationName = Release;
		};
		1A948A5825DA0446002A0366 /* Build configuration list for PBXNativeTarget "NakiriTests" */ = {
			isa = XCConfigurationList;
			buildConfigurations = (
				1A948A5925DA0446002A0366 /* Debug */,
				1A948A5A25DA0446002A0366 /* Release */,
			);
			defaultConfigurationIsVisible = 0;
			defaultConfigurationName = Release;
		};
		1A948A5B25DA0446002A0366 /* Build configuration list for PBXNativeTarget "NakiriUITests" */ = {
			isa = XCConfigurationList;
			buildConfigurations = (
				1A948A5C25DA0446002A0366 /* Debug */,
				1A948A5D25DA0446002A0366 /* Release */,
			);
			defaultConfigurationIsVisible = 0;
			defaultConfigurationName = Release;
		};
/* End XCConfigurationList section */
	};
	rootObject = 1A948A2425DA0444002A0366 /* Project object */;
}
