// !$*UTF8*$!
{
	archiveVersion = 1;
	classes = {
	};
	objectVersion = 46;
	objects = {

/* Begin PBXAggregateTarget section */
		"Nakiri::NakiriPackageTests::ProductTarget" /* NakiriPackageTests */ = {
			isa = PBXAggregateTarget;
			buildConfigurationList = OBJ_74 /* Build configuration list for PBXAggregateTarget "NakiriPackageTests" */;
			buildPhases = (
			);
			dependencies = (
				OBJ_77 /* PBXTargetDependency */,
			);
			name = NakiriPackageTests;
			productName = NakiriPackageTests;
		};
/* End PBXAggregateTarget section */

/* Begin PBXBuildFile section */
		OBJ_42 /* Locks.swift in Sources */ = {isa = PBXBuildFile; fileRef = OBJ_24 /* Locks.swift */; };
		OBJ_43 /* LogHandler.swift in Sources */ = {isa = PBXBuildFile; fileRef = OBJ_25 /* LogHandler.swift */; };
		OBJ_44 /* Logging.swift in Sources */ = {isa = PBXBuildFile; fileRef = OBJ_26 /* Logging.swift */; };
		OBJ_51 /* AppDelegate.swift in Sources */ = {isa = PBXBuildFile; fileRef = OBJ_10 /* AppDelegate.swift */; };
		OBJ_52 /* LaunchAgent.swift in Sources */ = {isa = PBXBuildFile; fileRef = OBJ_11 /* LaunchAgent.swift */; };
		OBJ_53 /* PasteboardWatcher.swift in Sources */ = {isa = PBXBuildFile; fileRef = OBJ_12 /* PasteboardWatcher.swift */; };
		OBJ_54 /* UrlClipperUtils.swift in Sources */ = {isa = PBXBuildFile; fileRef = OBJ_13 /* UrlClipperUtils.swift */; };
		OBJ_61 /* main.swift in Sources */ = {isa = PBXBuildFile; fileRef = OBJ_16 /* main.swift */; };
		OBJ_63 /* Logging.framework in Frameworks */ = {isa = PBXBuildFile; fileRef = "swift-log::Logging::Product" /* Logging.framework */; };
		OBJ_64 /* Nakiri.framework in Frameworks */ = {isa = PBXBuildFile; fileRef = "Nakiri::Nakiri::Product" /* Nakiri.framework */; };
		OBJ_72 /* Package.swift in Sources */ = {isa = PBXBuildFile; fileRef = OBJ_6 /* Package.swift */; };
		OBJ_83 /* NakiriTests.swift in Sources */ = {isa = PBXBuildFile; fileRef = OBJ_19 /* NakiriTests.swift */; };
		OBJ_84 /* XCTestManifests.swift in Sources */ = {isa = PBXBuildFile; fileRef = OBJ_20 /* XCTestManifests.swift */; };
		OBJ_86 /* Nakiri.framework in Frameworks */ = {isa = PBXBuildFile; fileRef = "Nakiri::Nakiri::Product" /* Nakiri.framework */; };
		OBJ_93 /* Package.swift in Sources */ = {isa = PBXBuildFile; fileRef = OBJ_27 /* Package.swift */; };
/* End PBXBuildFile section */

/* Begin PBXContainerItemProxy section */
		1A9489E725D9FF54002A0366 /* PBXContainerItemProxy */ = {
			isa = PBXContainerItemProxy;
			containerPortal = OBJ_1 /* Project object */;
			proxyType = 1;
			remoteGlobalIDString = "swift-log::Logging";
			remoteInfo = Logging;
		};
		1A9489E825D9FF54002A0366 /* PBXContainerItemProxy */ = {
			isa = PBXContainerItemProxy;
			containerPortal = OBJ_1 /* Project object */;
			proxyType = 1;
			remoteGlobalIDString = "Nakiri::Nakiri";
			remoteInfo = Nakiri;
		};
		1A9489E925D9FF54002A0366 /* PBXContainerItemProxy */ = {
			isa = PBXContainerItemProxy;
			containerPortal = OBJ_1 /* Project object */;
			proxyType = 1;
			remoteGlobalIDString = "Nakiri::Nakiri";
			remoteInfo = Nakiri;
		};
		1A9489EE25D9FF56002A0366 /* PBXContainerItemProxy */ = {
			isa = PBXContainerItemProxy;
			containerPortal = OBJ_1 /* Project object */;
			proxyType = 1;
			remoteGlobalIDString = "Nakiri::NakiriTests";
			remoteInfo = NakiriTests;
		};
/* End PBXContainerItemProxy section */

/* Begin PBXFileReference section */
		"Nakiri::Nakiri::Product" /* Nakiri.framework */ = {isa = PBXFileReference; lastKnownFileType = wrapper.framework; path = Nakiri.framework; sourceTree = BUILT_PRODUCTS_DIR; };
		"Nakiri::NakiriApp::Product" /* NakiriApp */ = {isa = PBXFileReference; lastKnownFileType = text; path = NakiriApp; sourceTree = BUILT_PRODUCTS_DIR; };
		"Nakiri::NakiriTests::Product" /* NakiriTests.xctest */ = {isa = PBXFileReference; lastKnownFileType = file; path = NakiriTests.xctest; sourceTree = BUILT_PRODUCTS_DIR; };
		OBJ_10 /* AppDelegate.swift */ = {isa = PBXFileReference; lastKnownFileType = sourcecode.swift; path = AppDelegate.swift; sourceTree = "<group>"; };
		OBJ_11 /* LaunchAgent.swift */ = {isa = PBXFileReference; lastKnownFileType = sourcecode.swift; path = LaunchAgent.swift; sourceTree = "<group>"; };
		OBJ_12 /* PasteboardWatcher.swift */ = {isa = PBXFileReference; lastKnownFileType = sourcecode.swift; path = PasteboardWatcher.swift; sourceTree = "<group>"; };
		OBJ_13 /* UrlClipperUtils.swift */ = {isa = PBXFileReference; lastKnownFileType = sourcecode.swift; path = UrlClipperUtils.swift; sourceTree = "<group>"; };
		OBJ_15 /* Info.plist */ = {isa = PBXFileReference; lastKnownFileType = text.plist.xml; path = Info.plist; sourceTree = "<group>"; };
		OBJ_16 /* main.swift */ = {isa = PBXFileReference; lastKnownFileType = sourcecode.swift; path = main.swift; sourceTree = "<group>"; };
		OBJ_19 /* NakiriTests.swift */ = {isa = PBXFileReference; lastKnownFileType = sourcecode.swift; path = NakiriTests.swift; sourceTree = "<group>"; };
		OBJ_20 /* XCTestManifests.swift */ = {isa = PBXFileReference; lastKnownFileType = sourcecode.swift; path = XCTestManifests.swift; sourceTree = "<group>"; };
		OBJ_24 /* Locks.swift */ = {isa = PBXFileReference; lastKnownFileType = sourcecode.swift; path = Locks.swift; sourceTree = "<group>"; };
		OBJ_25 /* LogHandler.swift */ = {isa = PBXFileReference; lastKnownFileType = sourcecode.swift; path = LogHandler.swift; sourceTree = "<group>"; };
		OBJ_26 /* Logging.swift */ = {isa = PBXFileReference; lastKnownFileType = sourcecode.swift; path = Logging.swift; sourceTree = "<group>"; };
		OBJ_27 /* Package.swift */ = {isa = PBXFileReference; explicitFileType = sourcecode.swift; name = Package.swift; path = "/Users/james/Documents/figuring shit out/Nakiri/.build/checkouts/swift-log/Package.swift"; sourceTree = "<group>"; };
		OBJ_33 /* SupportFiles */ = {isa = PBXFileReference; lastKnownFileType = folder; path = SupportFiles; sourceTree = SOURCE_ROOT; };
		OBJ_34 /* Makefile */ = {isa = PBXFileReference; lastKnownFileType = sourcecode.make; path = Makefile; sourceTree = "<group>"; };
		OBJ_35 /* README.md */ = {isa = PBXFileReference; lastKnownFileType = net.daringfireball.markdown; path = README.md; sourceTree = "<group>"; };
		OBJ_6 /* Package.swift */ = {isa = PBXFileReference; explicitFileType = sourcecode.swift; path = Package.swift; sourceTree = "<group>"; };
		OBJ_9 /* Info.plist */ = {isa = PBXFileReference; lastKnownFileType = text.plist.xml; path = Info.plist; sourceTree = "<group>"; };
		"swift-log::Logging::Product" /* Logging.framework */ = {isa = PBXFileReference; lastKnownFileType = wrapper.framework; path = Logging.framework; sourceTree = BUILT_PRODUCTS_DIR; };
/* End PBXFileReference section */

/* Begin PBXFrameworksBuildPhase section */
		OBJ_45 /* Frameworks */ = {
			isa = PBXFrameworksBuildPhase;
			buildActionMask = 0;
			files = (
			);
			runOnlyForDeploymentPostprocessing = 0;
		};
		OBJ_55 /* Frameworks */ = {
			isa = PBXFrameworksBuildPhase;
			buildActionMask = 0;
			files = (
			);
			runOnlyForDeploymentPostprocessing = 0;
		};
		OBJ_62 /* Frameworks */ = {
			isa = PBXFrameworksBuildPhase;
			buildActionMask = 0;
			files = (
				OBJ_63 /* Logging.framework in Frameworks */,
				OBJ_64 /* Nakiri.framework in Frameworks */,
			);
			runOnlyForDeploymentPostprocessing = 0;
		};
		OBJ_85 /* Frameworks */ = {
			isa = PBXFrameworksBuildPhase;
			buildActionMask = 0;
			files = (
				OBJ_86 /* Nakiri.framework in Frameworks */,
			);
			runOnlyForDeploymentPostprocessing = 0;
		};
/* End PBXFrameworksBuildPhase section */

/* Begin PBXGroup section */
		OBJ_14 /* NakiriApp */ = {
			isa = PBXGroup;
			children = (
				OBJ_15 /* Info.plist */,
				OBJ_16 /* main.swift */,
			);
			name = NakiriApp;
			path = Sources/NakiriApp;
			sourceTree = SOURCE_ROOT;
		};
		OBJ_17 /* Tests */ = {
			isa = PBXGroup;
			children = (
				OBJ_18 /* NakiriTests */,
			);
			name = Tests;
			sourceTree = SOURCE_ROOT;
		};
		OBJ_18 /* NakiriTests */ = {
			isa = PBXGroup;
			children = (
				OBJ_19 /* NakiriTests.swift */,
				OBJ_20 /* XCTestManifests.swift */,
			);
			name = NakiriTests;
			path = Tests/NakiriTests;
			sourceTree = SOURCE_ROOT;
		};
		OBJ_21 /* Dependencies */ = {
			isa = PBXGroup;
			children = (
				OBJ_22 /* swift-log 1.4.0 */,
			);
			name = Dependencies;
			sourceTree = "<group>";
		};
		OBJ_22 /* swift-log 1.4.0 */ = {
			isa = PBXGroup;
			children = (
				OBJ_23 /* Logging */,
				OBJ_27 /* Package.swift */,
			);
			name = "swift-log 1.4.0";
			sourceTree = SOURCE_ROOT;
		};
		OBJ_23 /* Logging */ = {
			isa = PBXGroup;
			children = (
				OBJ_24 /* Locks.swift */,
				OBJ_25 /* LogHandler.swift */,
				OBJ_26 /* Logging.swift */,
			);
			name = Logging;
			path = ".build/checkouts/swift-log/Sources/Logging";
			sourceTree = SOURCE_ROOT;
		};
		OBJ_28 /* Products */ = {
			isa = PBXGroup;
			children = (
				"Nakiri::NakiriTests::Product" /* NakiriTests.xctest */,
				"Nakiri::Nakiri::Product" /* Nakiri.framework */,
				"swift-log::Logging::Product" /* Logging.framework */,
				"Nakiri::NakiriApp::Product" /* NakiriApp */,
			);
			name = Products;
			sourceTree = BUILT_PRODUCTS_DIR;
		};
		OBJ_5 /*  */ = {
			isa = PBXGroup;
			children = (
				OBJ_6 /* Package.swift */,
				OBJ_7 /* Sources */,
				OBJ_17 /* Tests */,
				OBJ_21 /* Dependencies */,
				OBJ_28 /* Products */,
				OBJ_33 /* SupportFiles */,
				OBJ_34 /* Makefile */,
				OBJ_35 /* README.md */,
			);
			name = "";
			sourceTree = "<group>";
		};
		OBJ_7 /* Sources */ = {
			isa = PBXGroup;
			children = (
				OBJ_8 /* Nakiri */,
				OBJ_14 /* NakiriApp */,
			);
			name = Sources;
			sourceTree = SOURCE_ROOT;
		};
		OBJ_8 /* Nakiri */ = {
			isa = PBXGroup;
			children = (
				OBJ_9 /* Info.plist */,
				OBJ_10 /* AppDelegate.swift */,
				OBJ_11 /* LaunchAgent.swift */,
				OBJ_12 /* PasteboardWatcher.swift */,
				OBJ_13 /* UrlClipperUtils.swift */,
			);
			name = Nakiri;
			path = Sources/Nakiri;
			sourceTree = SOURCE_ROOT;
		};
/* End PBXGroup section */

/* Begin PBXNativeTarget section */
		"Nakiri::Nakiri" /* Nakiri */ = {
			isa = PBXNativeTarget;
			buildConfigurationList = OBJ_47 /* Build configuration list for PBXNativeTarget "Nakiri" */;
			buildPhases = (
				OBJ_50 /* Sources */,
				OBJ_55 /* Frameworks */,
			);
			buildRules = (
			);
			dependencies = (
			);
			name = Nakiri;
			productName = Nakiri;
			productReference = "Nakiri::Nakiri::Product" /* Nakiri.framework */;
			productType = "com.apple.product-type.framework";
		};
		"Nakiri::NakiriApp" /* NakiriApp */ = {
			isa = PBXNativeTarget;
			buildConfigurationList = OBJ_57 /* Build configuration list for PBXNativeTarget "NakiriApp" */;
			buildPhases = (
				OBJ_60 /* Sources */,
				OBJ_62 /* Frameworks */,
			);
			buildRules = (
			);
			dependencies = (
				OBJ_65 /* PBXTargetDependency */,
				OBJ_66 /* PBXTargetDependency */,
			);
			name = NakiriApp;
			productName = NakiriApp;
			productReference = "Nakiri::NakiriApp::Product" /* NakiriApp */;
			productType = "com.apple.product-type.tool";
		};
		"Nakiri::NakiriTests" /* NakiriTests */ = {
			isa = PBXNativeTarget;
			buildConfigurationList = OBJ_79 /* Build configuration list for PBXNativeTarget "NakiriTests" */;
			buildPhases = (
				OBJ_82 /* Sources */,
				OBJ_85 /* Frameworks */,
			);
			buildRules = (
			);
			dependencies = (
				OBJ_87 /* PBXTargetDependency */,
			);
			name = NakiriTests;
			productName = NakiriTests;
			productReference = "Nakiri::NakiriTests::Product" /* NakiriTests.xctest */;
			productType = "com.apple.product-type.bundle.unit-test";
		};
		"Nakiri::SwiftPMPackageDescription" /* NakiriPackageDescription */ = {
			isa = PBXNativeTarget;
			buildConfigurationList = OBJ_68 /* Build configuration list for PBXNativeTarget "NakiriPackageDescription" */;
			buildPhases = (
				OBJ_71 /* Sources */,
			);
			buildRules = (
			);
			dependencies = (
			);
			name = NakiriPackageDescription;
			productName = NakiriPackageDescription;
			productType = "com.apple.product-type.framework";
		};
		"swift-log::Logging" /* Logging */ = {
			isa = PBXNativeTarget;
			buildConfigurationList = OBJ_38 /* Build configuration list for PBXNativeTarget "Logging" */;
			buildPhases = (
				OBJ_41 /* Sources */,
				OBJ_45 /* Frameworks */,
			);
			buildRules = (
			);
			dependencies = (
			);
			name = Logging;
			productName = Logging;
			productReference = "swift-log::Logging::Product" /* Logging.framework */;
			productType = "com.apple.product-type.framework";
		};
		"swift-log::SwiftPMPackageDescription" /* swift-logPackageDescription */ = {
			isa = PBXNativeTarget;
			buildConfigurationList = OBJ_89 /* Build configuration list for PBXNativeTarget "swift-logPackageDescription" */;
			buildPhases = (
				OBJ_92 /* Sources */,
			);
			buildRules = (
			);
			dependencies = (
			);
			name = "swift-logPackageDescription";
			productName = "swift-logPackageDescription";
			productType = "com.apple.product-type.framework";
		};
/* End PBXNativeTarget section */

/* Begin PBXProject section */
		OBJ_1 /* Project object */ = {
			isa = PBXProject;
			attributes = {
				LastSwiftMigration = 9999;
				LastUpgradeCheck = 9999;
			};
			buildConfigurationList = OBJ_2 /* Build configuration list for PBXProject "Nakiri" */;
			compatibilityVersion = "Xcode 3.2";
			developmentRegion = en;
			hasScannedForEncodings = 0;
			knownRegions = (
				en,
			);
			mainGroup = OBJ_5 /*  */;
			productRefGroup = OBJ_28 /* Products */;
			projectDirPath = "";
			projectRoot = "";
			targets = (
				"swift-log::Logging" /* Logging */,
				"Nakiri::Nakiri" /* Nakiri */,
				"Nakiri::NakiriApp" /* NakiriApp */,
				"Nakiri::SwiftPMPackageDescription" /* NakiriPackageDescription */,
				"Nakiri::NakiriPackageTests::ProductTarget" /* NakiriPackageTests */,
				"Nakiri::NakiriTests" /* NakiriTests */,
				"swift-log::SwiftPMPackageDescription" /* swift-logPackageDescription */,
			);
		};
/* End PBXProject section */

/* Begin PBXSourcesBuildPhase section */
		OBJ_41 /* Sources */ = {
			isa = PBXSourcesBuildPhase;
			buildActionMask = 0;
			files = (
				OBJ_42 /* Locks.swift in Sources */,
				OBJ_43 /* LogHandler.swift in Sources */,
				OBJ_44 /* Logging.swift in Sources */,
			);
			runOnlyForDeploymentPostprocessing = 0;
		};
		OBJ_50 /* Sources */ = {
			isa = PBXSourcesBuildPhase;
			buildActionMask = 0;
			files = (
				OBJ_51 /* AppDelegate.swift in Sources */,
				OBJ_52 /* LaunchAgent.swift in Sources */,
				OBJ_53 /* PasteboardWatcher.swift in Sources */,
				OBJ_54 /* UrlClipperUtils.swift in Sources */,
			);
			runOnlyForDeploymentPostprocessing = 0;
		};
		OBJ_60 /* Sources */ = {
			isa = PBXSourcesBuildPhase;
			buildActionMask = 0;
			files = (
				OBJ_61 /* main.swift in Sources */,
			);
			runOnlyForDeploymentPostprocessing = 0;
		};
		OBJ_71 /* Sources */ = {
			isa = PBXSourcesBuildPhase;
			buildActionMask = 0;
			files = (
				OBJ_72 /* Package.swift in Sources */,
			);
			runOnlyForDeploymentPostprocessing = 0;
		};
		OBJ_82 /* Sources */ = {
			isa = PBXSourcesBuildPhase;
			buildActionMask = 0;
			files = (
				OBJ_83 /* NakiriTests.swift in Sources */,
				OBJ_84 /* XCTestManifests.swift in Sources */,
			);
			runOnlyForDeploymentPostprocessing = 0;
		};
		OBJ_92 /* Sources */ = {
			isa = PBXSourcesBuildPhase;
			buildActionMask = 0;
			files = (
				OBJ_93 /* Package.swift in Sources */,
			);
			runOnlyForDeploymentPostprocessing = 0;
		};
/* End PBXSourcesBuildPhase section */

/* Begin PBXTargetDependency section */
		OBJ_65 /* PBXTargetDependency */ = {
			isa = PBXTargetDependency;
			target = "swift-log::Logging" /* Logging */;
			targetProxy = 1A9489E725D9FF54002A0366 /* PBXContainerItemProxy */;
		};
		OBJ_66 /* PBXTargetDependency */ = {
			isa = PBXTargetDependency;
			target = "Nakiri::Nakiri" /* Nakiri */;
			targetProxy = 1A9489E825D9FF54002A0366 /* PBXContainerItemProxy */;
		};
		OBJ_77 /* PBXTargetDependency */ = {
			isa = PBXTargetDependency;
			target = "Nakiri::NakiriTests" /* NakiriTests */;
			targetProxy = 1A9489EE25D9FF56002A0366 /* PBXContainerItemProxy */;
		};
		OBJ_87 /* PBXTargetDependency */ = {
			isa = PBXTargetDependency;
			target = "Nakiri::Nakiri" /* Nakiri */;
			targetProxy = 1A9489E925D9FF54002A0366 /* PBXContainerItemProxy */;
		};
/* End PBXTargetDependency section */

/* Begin XCBuildConfiguration section */
		OBJ_3 /* Debug */ = {
			isa = XCBuildConfiguration;
			buildSettings = {
				CLANG_ENABLE_OBJC_ARC = YES;
				COMBINE_HIDPI_IMAGES = YES;
				COPY_PHASE_STRIP = NO;
				DEBUG_INFORMATION_FORMAT = dwarf;
				DYLIB_INSTALL_NAME_BASE = "@rpath";
				ENABLE_NS_ASSERTIONS = YES;
				GCC_OPTIMIZATION_LEVEL = 0;
				GCC_PREPROCESSOR_DEFINITIONS = (
					"$(inherited)",
					"SWIFT_PACKAGE=1",
					"DEBUG=1",
				);
				MACOSX_DEPLOYMENT_TARGET = 10.10;
				ONLY_ACTIVE_ARCH = YES;
				OTHER_SWIFT_FLAGS = "$(inherited) -DXcode";
				PRODUCT_NAME = "$(TARGET_NAME)";
				SDKROOT = macosx;
				SUPPORTED_PLATFORMS = "macosx iphoneos iphonesimulator appletvos appletvsimulator watchos watchsimulator";
				SWIFT_ACTIVE_COMPILATION_CONDITIONS = "$(inherited) SWIFT_PACKAGE DEBUG";
				SWIFT_OPTIMIZATION_LEVEL = "-Onone";
				USE_HEADERMAP = NO;
			};
			name = Debug;
		};
		OBJ_39 /* Debug */ = {
			isa = XCBuildConfiguration;
			buildSettings = {
				ENABLE_TESTABILITY = YES;
				FRAMEWORK_SEARCH_PATHS = (
					"$(inherited)",
					"$(PLATFORM_DIR)/Developer/Library/Frameworks",
				);
				HEADER_SEARCH_PATHS = "$(inherited)";
				INFOPLIST_FILE = Nakiri.xcodeproj/Logging_Info.plist;
				IPHONEOS_DEPLOYMENT_TARGET = 9.0;
				LD_RUNPATH_SEARCH_PATHS = "$(inherited) $(TOOLCHAIN_DIR)/usr/lib/swift/macosx";
				MACOSX_DEPLOYMENT_TARGET = 10.10;
				OTHER_CFLAGS = "$(inherited)";
				OTHER_LDFLAGS = "$(inherited)";
				OTHER_SWIFT_FLAGS = "$(inherited)";
				PRODUCT_BUNDLE_IDENTIFIER = Logging;
				PRODUCT_MODULE_NAME = "$(TARGET_NAME:c99extidentifier)";
				PRODUCT_NAME = "$(TARGET_NAME:c99extidentifier)";
				SKIP_INSTALL = YES;
				SWIFT_ACTIVE_COMPILATION_CONDITIONS = "$(inherited)";
				SWIFT_VERSION = 5.0;
				TARGET_NAME = Logging;
				TVOS_DEPLOYMENT_TARGET = 9.0;
				WATCHOS_DEPLOYMENT_TARGET = 2.0;
			};
			name = Debug;
		};
		OBJ_4 /* Release */ = {
			isa = XCBuildConfiguration;
			buildSettings = {
				CLANG_ENABLE_OBJC_ARC = YES;
				COMBINE_HIDPI_IMAGES = YES;
				COPY_PHASE_STRIP = YES;
				DEBUG_INFORMATION_FORMAT = "dwarf-with-dsym";
				DYLIB_INSTALL_NAME_BASE = "@rpath";
				GCC_OPTIMIZATION_LEVEL = s;
				GCC_PREPROCESSOR_DEFINITIONS = (
					"$(inherited)",
					"SWIFT_PACKAGE=1",
				);
				MACOSX_DEPLOYMENT_TARGET = 10.10;
				OTHER_SWIFT_FLAGS = "$(inherited) -DXcode";
				PRODUCT_NAME = "$(TARGET_NAME)";
				SDKROOT = macosx;
				SUPPORTED_PLATFORMS = "macosx iphoneos iphonesimulator appletvos appletvsimulator watchos watchsimulator";
				SWIFT_ACTIVE_COMPILATION_CONDITIONS = "$(inherited) SWIFT_PACKAGE";
				SWIFT_OPTIMIZATION_LEVEL = "-Owholemodule";
				USE_HEADERMAP = NO;
			};
			name = Release;
		};
		OBJ_40 /* Release */ = {
			isa = XCBuildConfiguration;
			buildSettings = {
				ENABLE_TESTABILITY = YES;
				FRAMEWORK_SEARCH_PATHS = (
					"$(inherited)",
					"$(PLATFORM_DIR)/Developer/Library/Frameworks",
				);
				HEADER_SEARCH_PATHS = "$(inherited)";
				INFOPLIST_FILE = Nakiri.xcodeproj/Logging_Info.plist;
				IPHONEOS_DEPLOYMENT_TARGET = 9.0;
				LD_RUNPATH_SEARCH_PATHS = "$(inherited) $(TOOLCHAIN_DIR)/usr/lib/swift/macosx";
				MACOSX_DEPLOYMENT_TARGET = 10.10;
				OTHER_CFLAGS = "$(inherited)";
				OTHER_LDFLAGS = "$(inherited)";
				OTHER_SWIFT_FLAGS = "$(inherited)";
				PRODUCT_BUNDLE_IDENTIFIER = Logging;
				PRODUCT_MODULE_NAME = "$(TARGET_NAME:c99extidentifier)";
				PRODUCT_NAME = "$(TARGET_NAME:c99extidentifier)";
				SKIP_INSTALL = YES;
				SWIFT_ACTIVE_COMPILATION_CONDITIONS = "$(inherited)";
				SWIFT_VERSION = 5.0;
				TARGET_NAME = Logging;
				TVOS_DEPLOYMENT_TARGET = 9.0;
				WATCHOS_DEPLOYMENT_TARGET = 2.0;
			};
			name = Release;
		};
		OBJ_48 /* Debug */ = {
			isa = XCBuildConfiguration;
			buildSettings = {
				ENABLE_TESTABILITY = YES;
				FRAMEWORK_SEARCH_PATHS = (
					"$(inherited)",
					"$(PLATFORM_DIR)/Developer/Library/Frameworks",
				);
				HEADER_SEARCH_PATHS = "$(inherited)";
				INFOPLIST_FILE = Nakiri.xcodeproj/Nakiri_Info.plist;
				IPHONEOS_DEPLOYMENT_TARGET = 9.0;
				LD_RUNPATH_SEARCH_PATHS = "$(inherited) $(TOOLCHAIN_DIR)/usr/lib/swift/macosx";
				MACOSX_DEPLOYMENT_TARGET = 10.12;
				OTHER_CFLAGS = "$(inherited)";
				OTHER_LDFLAGS = "$(inherited)";
				OTHER_SWIFT_FLAGS = "$(inherited)";
				PRODUCT_BUNDLE_IDENTIFIER = Nakiri;
				PRODUCT_MODULE_NAME = "$(TARGET_NAME:c99extidentifier)";
				PRODUCT_NAME = "$(TARGET_NAME:c99extidentifier)";
				SKIP_INSTALL = YES;
				SWIFT_ACTIVE_COMPILATION_CONDITIONS = "$(inherited)";
				SWIFT_VERSION = 5.0;
				TARGET_NAME = Nakiri;
				TVOS_DEPLOYMENT_TARGET = 9.0;
				WATCHOS_DEPLOYMENT_TARGET = 2.0;
			};
			name = Debug;
		};
		OBJ_49 /* Release */ = {
			isa = XCBuildConfiguration;
			buildSettings = {
				ENABLE_TESTABILITY = YES;
				FRAMEWORK_SEARCH_PATHS = (
					"$(inherited)",
					"$(PLATFORM_DIR)/Developer/Library/Frameworks",
				);
				HEADER_SEARCH_PATHS = "$(inherited)";
				INFOPLIST_FILE = Nakiri.xcodeproj/Nakiri_Info.plist;
				IPHONEOS_DEPLOYMENT_TARGET = 9.0;
				LD_RUNPATH_SEARCH_PATHS = "$(inherited) $(TOOLCHAIN_DIR)/usr/lib/swift/macosx";
				MACOSX_DEPLOYMENT_TARGET = 10.12;
				OTHER_CFLAGS = "$(inherited)";
				OTHER_LDFLAGS = "$(inherited)";
				OTHER_SWIFT_FLAGS = "$(inherited)";
				PRODUCT_BUNDLE_IDENTIFIER = Nakiri;
				PRODUCT_MODULE_NAME = "$(TARGET_NAME:c99extidentifier)";
				PRODUCT_NAME = "$(TARGET_NAME:c99extidentifier)";
				SKIP_INSTALL = YES;
				SWIFT_ACTIVE_COMPILATION_CONDITIONS = "$(inherited)";
				SWIFT_VERSION = 5.0;
				TARGET_NAME = Nakiri;
				TVOS_DEPLOYMENT_TARGET = 9.0;
				WATCHOS_DEPLOYMENT_TARGET = 2.0;
			};
			name = Release;
		};
		OBJ_58 /* Debug */ = {
			isa = XCBuildConfiguration;
			buildSettings = {
				FRAMEWORK_SEARCH_PATHS = (
					"$(inherited)",
					"$(PLATFORM_DIR)/Developer/Library/Frameworks",
				);
				HEADER_SEARCH_PATHS = "$(inherited)";
				INFOPLIST_FILE = Nakiri.xcodeproj/NakiriApp_Info.plist;
				IPHONEOS_DEPLOYMENT_TARGET = 9.0;
				LD_RUNPATH_SEARCH_PATHS = "$(inherited) $(TOOLCHAIN_DIR)/usr/lib/swift/macosx @executable_path";
				MACOSX_DEPLOYMENT_TARGET = 10.12;
				OTHER_CFLAGS = "$(inherited)";
				OTHER_LDFLAGS = "$(inherited)";
				OTHER_SWIFT_FLAGS = "$(inherited)";
				SWIFT_ACTIVE_COMPILATION_CONDITIONS = "$(inherited)";
				SWIFT_FORCE_DYNAMIC_LINK_STDLIB = YES;
				SWIFT_FORCE_STATIC_LINK_STDLIB = NO;
				SWIFT_VERSION = 5.0;
				TARGET_NAME = NakiriApp;
				TVOS_DEPLOYMENT_TARGET = 9.0;
				WATCHOS_DEPLOYMENT_TARGET = 2.0;
			};
			name = Debug;
		};
		OBJ_59 /* Release */ = {
			isa = XCBuildConfiguration;
			buildSettings = {
				FRAMEWORK_SEARCH_PATHS = (
					"$(inherited)",
					"$(PLATFORM_DIR)/Developer/Library/Frameworks",
				);
				HEADER_SEARCH_PATHS = "$(inherited)";
				INFOPLIST_FILE = Nakiri.xcodeproj/NakiriApp_Info.plist;
				IPHONEOS_DEPLOYMENT_TARGET = 9.0;
				LD_RUNPATH_SEARCH_PATHS = "$(inherited) $(TOOLCHAIN_DIR)/usr/lib/swift/macosx @executable_path";
				MACOSX_DEPLOYMENT_TARGET = 10.12;
				OTHER_CFLAGS = "$(inherited)";
				OTHER_LDFLAGS = "$(inherited)";
				OTHER_SWIFT_FLAGS = "$(inherited)";
				SWIFT_ACTIVE_COMPILATION_CONDITIONS = "$(inherited)";
				SWIFT_FORCE_DYNAMIC_LINK_STDLIB = YES;
				SWIFT_FORCE_STATIC_LINK_STDLIB = NO;
				SWIFT_VERSION = 5.0;
				TARGET_NAME = NakiriApp;
				TVOS_DEPLOYMENT_TARGET = 9.0;
				WATCHOS_DEPLOYMENT_TARGET = 2.0;
			};
			name = Release;
		};
		OBJ_69 /* Debug */ = {
			isa = XCBuildConfiguration;
			buildSettings = {
				LD = /usr/bin/true;
				OTHER_SWIFT_FLAGS = "-swift-version 5 -I $(TOOLCHAIN_DIR)/usr/lib/swift/pm/4_2 -sdk /Applications/Xcode.app/Contents/Developer/Platforms/MacOSX.platform/Developer/SDKs/MacOSX11.1.sdk -package-description-version 5.1.0";
				SWIFT_VERSION = 5.0;
			};
			name = Debug;
		};
		OBJ_70 /* Release */ = {
			isa = XCBuildConfiguration;
			buildSettings = {
				LD = /usr/bin/true;
				OTHER_SWIFT_FLAGS = "-swift-version 5 -I $(TOOLCHAIN_DIR)/usr/lib/swift/pm/4_2 -sdk /Applications/Xcode.app/Contents/Developer/Platforms/MacOSX.platform/Developer/SDKs/MacOSX11.1.sdk -package-description-version 5.1.0";
				SWIFT_VERSION = 5.0;
			};
			name = Release;
		};
		OBJ_75 /* Debug */ = {
			isa = XCBuildConfiguration;
			buildSettings = {
			};
			name = Debug;
		};
		OBJ_76 /* Release */ = {
			isa = XCBuildConfiguration;
			buildSettings = {
			};
			name = Release;
		};
		OBJ_80 /* Debug */ = {
			isa = XCBuildConfiguration;
			buildSettings = {
				CLANG_ENABLE_MODULES = YES;
				EMBEDDED_CONTENT_CONTAINS_SWIFT = YES;
				FRAMEWORK_SEARCH_PATHS = (
					"$(inherited)",
					"$(PLATFORM_DIR)/Developer/Library/Frameworks",
				);
				HEADER_SEARCH_PATHS = "$(inherited)";
				INFOPLIST_FILE = Nakiri.xcodeproj/NakiriTests_Info.plist;
				IPHONEOS_DEPLOYMENT_TARGET = 14.0;
				LD_RUNPATH_SEARCH_PATHS = "$(inherited) @loader_path/../Frameworks @loader_path/Frameworks";
				MACOSX_DEPLOYMENT_TARGET = 10.15;
				OTHER_CFLAGS = "$(inherited)";
				OTHER_LDFLAGS = "$(inherited)";
				OTHER_SWIFT_FLAGS = "$(inherited)";
				SWIFT_ACTIVE_COMPILATION_CONDITIONS = "$(inherited)";
				SWIFT_VERSION = 5.0;
				TARGET_NAME = NakiriTests;
				TVOS_DEPLOYMENT_TARGET = 9.0;
				WATCHOS_DEPLOYMENT_TARGET = 2.0;
			};
			name = Debug;
		};
		OBJ_81 /* Release */ = {
			isa = XCBuildConfiguration;
			buildSettings = {
				CLANG_ENABLE_MODULES = YES;
				EMBEDDED_CONTENT_CONTAINS_SWIFT = YES;
				FRAMEWORK_SEARCH_PATHS = (
					"$(inherited)",
					"$(PLATFORM_DIR)/Developer/Library/Frameworks",
				);
				HEADER_SEARCH_PATHS = "$(inherited)";
				INFOPLIST_FILE = Nakiri.xcodeproj/NakiriTests_Info.plist;
				IPHONEOS_DEPLOYMENT_TARGET = 14.0;
				LD_RUNPATH_SEARCH_PATHS = "$(inherited) @loader_path/../Frameworks @loader_path/Frameworks";
				MACOSX_DEPLOYMENT_TARGET = 10.15;
				OTHER_CFLAGS = "$(inherited)";
				OTHER_LDFLAGS = "$(inherited)";
				OTHER_SWIFT_FLAGS = "$(inherited)";
				SWIFT_ACTIVE_COMPILATION_CONDITIONS = "$(inherited)";
				SWIFT_VERSION = 5.0;
				TARGET_NAME = NakiriTests;
				TVOS_DEPLOYMENT_TARGET = 9.0;
				WATCHOS_DEPLOYMENT_TARGET = 2.0;
			};
			name = Release;
		};
		OBJ_90 /* Debug */ = {
			isa = XCBuildConfiguration;
			buildSettings = {
				LD = /usr/bin/true;
				OTHER_SWIFT_FLAGS = "-swift-version 5 -I $(TOOLCHAIN_DIR)/usr/lib/swift/pm/4_2 -sdk /Applications/Xcode.app/Contents/Developer/Platforms/MacOSX.platform/Developer/SDKs/MacOSX11.1.sdk -package-description-version 5.0.0";
				SWIFT_VERSION = 5.0;
			};
			name = Debug;
		};
		OBJ_91 /* Release */ = {
			isa = XCBuildConfiguration;
			buildSettings = {
				LD = /usr/bin/true;
				OTHER_SWIFT_FLAGS = "-swift-version 5 -I $(TOOLCHAIN_DIR)/usr/lib/swift/pm/4_2 -sdk /Applications/Xcode.app/Contents/Developer/Platforms/MacOSX.platform/Developer/SDKs/MacOSX11.1.sdk -package-description-version 5.0.0";
				SWIFT_VERSION = 5.0;
			};
			name = Release;
		};
/* End XCBuildConfiguration section */

/* Begin XCConfigurationList section */
		OBJ_2 /* Build configuration list for PBXProject "Nakiri" */ = {
			isa = XCConfigurationList;
			buildConfigurations = (
				OBJ_3 /* Debug */,
				OBJ_4 /* Release */,
			);
			defaultConfigurationIsVisible = 0;
			defaultConfigurationName = Release;
		};
		OBJ_38 /* Build configuration list for PBXNativeTarget "Logging" */ = {
			isa = XCConfigurationList;
			buildConfigurations = (
				OBJ_39 /* Debug */,
				OBJ_40 /* Release */,
			);
			defaultConfigurationIsVisible = 0;
			defaultConfigurationName = Release;
		};
		OBJ_47 /* Build configuration list for PBXNativeTarget "Nakiri" */ = {
			isa = XCConfigurationList;
			buildConfigurations = (
				OBJ_48 /* Debug */,
				OBJ_49 /* Release */,
			);
			defaultConfigurationIsVisible = 0;
			defaultConfigurationName = Release;
		};
		OBJ_57 /* Build configuration list for PBXNativeTarget "NakiriApp" */ = {
			isa = XCConfigurationList;
			buildConfigurations = (
				OBJ_58 /* Debug */,
				OBJ_59 /* Release */,
			);
			defaultConfigurationIsVisible = 0;
			defaultConfigurationName = Release;
		};
		OBJ_68 /* Build configuration list for PBXNativeTarget "NakiriPackageDescription" */ = {
			isa = XCConfigurationList;
			buildConfigurations = (
				OBJ_69 /* Debug */,
				OBJ_70 /* Release */,
			);
			defaultConfigurationIsVisible = 0;
			defaultConfigurationName = Release;
		};
		OBJ_74 /* Build configuration list for PBXAggregateTarget "NakiriPackageTests" */ = {
			isa = XCConfigurationList;
			buildConfigurations = (
				OBJ_75 /* Debug */,
				OBJ_76 /* Release */,
			);
			defaultConfigurationIsVisible = 0;
			defaultConfigurationName = Release;
		};
		OBJ_79 /* Build configuration list for PBXNativeTarget "NakiriTests" */ = {
			isa = XCConfigurationList;
			buildConfigurations = (
				OBJ_80 /* Debug */,
				OBJ_81 /* Release */,
			);
			defaultConfigurationIsVisible = 0;
			defaultConfigurationName = Release;
		};
		OBJ_89 /* Build configuration list for PBXNativeTarget "swift-logPackageDescription" */ = {
			isa = XCConfigurationList;
			buildConfigurations = (
				OBJ_90 /* Debug */,
				OBJ_91 /* Release */,
			);
			defaultConfigurationIsVisible = 0;
			defaultConfigurationName = Release;
		};
/* End XCConfigurationList section */
	};
	rootObject = OBJ_1 /* Project object */;
}
